// !$*UTF8*$!
{
	archiveVersion = 1;
	classes = {
	};
	objectVersion = 48;
	objects = {

/* Begin PBXBuildFile section */
		3F551A011FBC41F800E43AF3 /* AppDelegate.swift in Sources */ = {isa = PBXBuildFile; fileRef = 3F551A001FBC41F800E43AF3 /* AppDelegate.swift */; };
		3F551A031FBC41F800E43AF3 /* ViewController.swift in Sources */ = {isa = PBXBuildFile; fileRef = 3F551A021FBC41F800E43AF3 /* ViewController.swift */; };
		3F551A061FBC41F800E43AF3 /* Main.storyboard in Resources */ = {isa = PBXBuildFile; fileRef = 3F551A041FBC41F800E43AF3 /* Main.storyboard */; };
		3F551A081FBC41F800E43AF3 /* Assets.xcassets in Resources */ = {isa = PBXBuildFile; fileRef = 3F551A071FBC41F800E43AF3 /* Assets.xcassets */; };
		3F551A0B1FBC41F800E43AF3 /* LaunchScreen.storyboard in Resources */ = {isa = PBXBuildFile; fileRef = 3F551A091FBC41F800E43AF3 /* LaunchScreen.storyboard */; };
		3F551A161FBC41F800E43AF3 /* PrzypomnieniaTests.swift in Sources */ = {isa = PBXBuildFile; fileRef = 3F551A151FBC41F800E43AF3 /* PrzypomnieniaTests.swift */; };
		3F551A211FBC43D200E43AF3 /* MyCell.swift in Sources */ = {isa = PBXBuildFile; fileRef = 3F551A201FBC43D200E43AF3 /* MyCell.swift */; };
		3F551A231FBC5BCA00E43AF3 /* DetailsController.swift in Sources */ = {isa = PBXBuildFile; fileRef = 3F551A221FBC5BCA00E43AF3 /* DetailsController.swift */; };
		3F551A251FBC5ED100E43AF3 /* Wpis.swift in Sources */ = {isa = PBXBuildFile; fileRef = 3F551A241FBC5ED100E43AF3 /* Wpis.swift */; };
		3FA248B81FBC6401008D0769 /* DetailsProtocol.swift in Sources */ = {isa = PBXBuildFile; fileRef = 3FA248B71FBC6401008D0769 /* DetailsProtocol.swift */; };
		3FA248C01FBC6912008D0769 /* Media.xcassets in Resources */ = {isa = PBXBuildFile; fileRef = 3FA248BF1FBC6912008D0769 /* Media.xcassets */; };
/* End PBXBuildFile section */

/* Begin PBXContainerItemProxy section */
		3F551A121FBC41F800E43AF3 /* PBXContainerItemProxy */ = {
			isa = PBXContainerItemProxy;
			containerPortal = 3F5519F51FBC41F800E43AF3 /* Project object */;
			proxyType = 1;
			remoteGlobalIDString = 3F5519FC1FBC41F800E43AF3;
			remoteInfo = Przypomnienia;
		};
/* End PBXContainerItemProxy section */

/* Begin PBXFileReference section */
		3F5519FD1FBC41F800E43AF3 /* Przypomnienia.app */ = {isa = PBXFileReference; explicitFileType = wrapper.application; includeInIndex = 0; path = Przypomnienia.app; sourceTree = BUILT_PRODUCTS_DIR; };
		3F551A001FBC41F800E43AF3 /* AppDelegate.swift */ = {isa = PBXFileReference; lastKnownFileType = sourcecode.swift; path = AppDelegate.swift; sourceTree = "<group>"; };
		3F551A021FBC41F800E43AF3 /* ViewController.swift */ = {isa = PBXFileReference; lastKnownFileType = sourcecode.swift; path = ViewController.swift; sourceTree = "<group>"; };
		3F551A051FBC41F800E43AF3 /* Base */ = {isa = PBXFileReference; lastKnownFileType = file.storyboard; name = Base; path = Base.lproj/Main.storyboard; sourceTree = "<group>"; };
		3F551A071FBC41F800E43AF3 /* Assets.xcassets */ = {isa = PBXFileReference; lastKnownFileType = folder.assetcatalog; path = Assets.xcassets; sourceTree = "<group>"; };
		3F551A0A1FBC41F800E43AF3 /* Base */ = {isa = PBXFileReference; lastKnownFileType = file.storyboard; name = Base; path = Base.lproj/LaunchScreen.storyboard; sourceTree = "<group>"; };
		3F551A0C1FBC41F800E43AF3 /* Info.plist */ = {isa = PBXFileReference; lastKnownFileType = text.plist.xml; path = Info.plist; sourceTree = "<group>"; };
		3F551A111FBC41F800E43AF3 /* PrzypomnieniaTests.xctest */ = {isa = PBXFileReference; explicitFileType = wrapper.cfbundle; includeInIndex = 0; path = PrzypomnieniaTests.xctest; sourceTree = BUILT_PRODUCTS_DIR; };
		3F551A151FBC41F800E43AF3 /* PrzypomnieniaTests.swift */ = {isa = PBXFileReference; lastKnownFileType = sourcecode.swift; path = PrzypomnieniaTests.swift; sourceTree = "<group>"; };
		3F551A171FBC41F800E43AF3 /* Info.plist */ = {isa = PBXFileReference; lastKnownFileType = text.plist.xml; path = Info.plist; sourceTree = "<group>"; };
		3F551A201FBC43D200E43AF3 /* MyCell.swift */ = {isa = PBXFileReference; lastKnownFileType = sourcecode.swift; path = MyCell.swift; sourceTree = "<group>"; };
		3F551A221FBC5BCA00E43AF3 /* DetailsController.swift */ = {isa = PBXFileReference; lastKnownFileType = sourcecode.swift; path = DetailsController.swift; sourceTree = "<group>"; };
		3F551A241FBC5ED100E43AF3 /* Wpis.swift */ = {isa = PBXFileReference; lastKnownFileType = sourcecode.swift; path = Wpis.swift; sourceTree = "<group>"; };
		3FA248B71FBC6401008D0769 /* DetailsProtocol.swift */ = {isa = PBXFileReference; lastKnownFileType = sourcecode.swift; path = DetailsProtocol.swift; sourceTree = "<group>"; };
		3FA248BF1FBC6912008D0769 /* Media.xcassets */ = {isa = PBXFileReference; lastKnownFileType = folder.assetcatalog; path = Media.xcassets; sourceTree = "<group>"; };
/* End PBXFileReference section */

/* Begin PBXFrameworksBuildPhase section */
		3F5519FA1FBC41F800E43AF3 /* Frameworks */ = {
			isa = PBXFrameworksBuildPhase;
			buildActionMask = 2147483647;
			files = (
			);
			runOnlyForDeploymentPostprocessing = 0;
		};
		3F551A0E1FBC41F800E43AF3 /* Frameworks */ = {
			isa = PBXFrameworksBuildPhase;
			buildActionMask = 2147483647;
			files = (
			);
			runOnlyForDeploymentPostprocessing = 0;
		};
/* End PBXFrameworksBuildPhase section */

/* Begin PBXGroup section */
		3F5519F41FBC41F800E43AF3 = {
			isa = PBXGroup;
			children = (
				3FA248BF1FBC6912008D0769 /* Media.xcassets */,
				3F5519FF1FBC41F800E43AF3 /* Przypomnienia */,
				3F551A141FBC41F800E43AF3 /* PrzypomnieniaTests */,
				3F5519FE1FBC41F800E43AF3 /* Products */,
			);
			sourceTree = "<group>";
		};
		3F5519FE1FBC41F800E43AF3 /* Products */ = {
			isa = PBXGroup;
			children = (
				3F5519FD1FBC41F800E43AF3 /* Przypomnienia.app */,
				3F551A111FBC41F800E43AF3 /* PrzypomnieniaTests.xctest */,
			);
			name = Products;
			sourceTree = "<group>";
		};
		3F5519FF1FBC41F800E43AF3 /* Przypomnienia */ = {
			isa = PBXGroup;
			children = (
				3F551A001FBC41F800E43AF3 /* AppDelegate.swift */,
				3F551A021FBC41F800E43AF3 /* ViewController.swift */,
				3FA248B71FBC6401008D0769 /* DetailsProtocol.swift */,
				3F551A041FBC41F800E43AF3 /* Main.storyboard */,
				3F551A071FBC41F800E43AF3 /* Assets.xcassets */,
				3F551A091FBC41F800E43AF3 /* LaunchScreen.storyboard */,
				3F551A0C1FBC41F800E43AF3 /* Info.plist */,
				3F551A201FBC43D200E43AF3 /* MyCell.swift */,
				3F551A221FBC5BCA00E43AF3 /* DetailsController.swift */,
				3F551A241FBC5ED100E43AF3 /* Wpis.swift */,
			);
			path = Przypomnienia;
			sourceTree = "<group>";
		};
		3F551A141FBC41F800E43AF3 /* PrzypomnieniaTests */ = {
			isa = PBXGroup;
			children = (
				3F551A151FBC41F800E43AF3 /* PrzypomnieniaTests.swift */,
				3F551A171FBC41F800E43AF3 /* Info.plist */,
			);
			path = PrzypomnieniaTests;
			sourceTree = "<group>";
		};
/* End PBXGroup section */

/* Begin PBXNativeTarget section */
		3F5519FC1FBC41F800E43AF3 /* Przypomnienia */ = {
			isa = PBXNativeTarget;
			buildConfigurationList = 3F551A1A1FBC41F800E43AF3 /* Build configuration list for PBXNativeTarget "Przypomnienia" */;
			buildPhases = (
				3F5519F91FBC41F800E43AF3 /* Sources */,
				3F5519FA1FBC41F800E43AF3 /* Frameworks */,
				3F5519FB1FBC41F800E43AF3 /* Resources */,
			);
			buildRules = (
			);
			dependencies = (
			);
			name = Przypomnienia;
			productName = Przypomnienia;
			productReference = 3F5519FD1FBC41F800E43AF3 /* Przypomnienia.app */;
			productType = "com.apple.product-type.application";
		};
		3F551A101FBC41F800E43AF3 /* PrzypomnieniaTests */ = {
			isa = PBXNativeTarget;
			buildConfigurationList = 3F551A1D1FBC41F800E43AF3 /* Build configuration list for PBXNativeTarget "PrzypomnieniaTests" */;
			buildPhases = (
				3F551A0D1FBC41F800E43AF3 /* Sources */,
				3F551A0E1FBC41F800E43AF3 /* Frameworks */,
				3F551A0F1FBC41F800E43AF3 /* Resources */,
			);
			buildRules = (
			);
			dependencies = (
				3F551A131FBC41F800E43AF3 /* PBXTargetDependency */,
			);
			name = PrzypomnieniaTests;
			productName = PrzypomnieniaTests;
			productReference = 3F551A111FBC41F800E43AF3 /* PrzypomnieniaTests.xctest */;
			productType = "com.apple.product-type.bundle.unit-test";
		};
/* End PBXNativeTarget section */

/* Begin PBXProject section */
		3F5519F51FBC41F800E43AF3 /* Project object */ = {
			isa = PBXProject;
			attributes = {
				LastSwiftUpdateCheck = 0900;
				LastUpgradeCheck = 0900;
				ORGANIZATIONNAME = Student;
				TargetAttributes = {
					3F5519FC1FBC41F800E43AF3 = {
						CreatedOnToolsVersion = 9.0.1;
						ProvisioningStyle = Automatic;
					};
					3F551A101FBC41F800E43AF3 = {
						CreatedOnToolsVersion = 9.0.1;
						ProvisioningStyle = Automatic;
						TestTargetID = 3F5519FC1FBC41F800E43AF3;
					};
				};
			};
			buildConfigurationList = 3F5519F81FBC41F800E43AF3 /* Build configuration list for PBXProject "Przypomnienia" */;
			compatibilityVersion = "Xcode 8.0";
			developmentRegion = en;
			hasScannedForEncodings = 0;
			knownRegions = (
				en,
				Base,
			);
			mainGroup = 3F5519F41FBC41F800E43AF3;
			productRefGroup = 3F5519FE1FBC41F800E43AF3 /* Products */;
			projectDirPath = "";
			projectRoot = "";
			targets = (
				3F5519FC1FBC41F800E43AF3 /* Przypomnienia */,
				3F551A101FBC41F800E43AF3 /* PrzypomnieniaTests */,
			);
		};
/* End PBXProject section */

/* Begin PBXResourcesBuildPhase section */
		3F5519FB1FBC41F800E43AF3 /* Resources */ = {
			isa = PBXResourcesBuildPhase;
			buildActionMask = 2147483647;
			files = (
				3F551A0B1FBC41F800E43AF3 /* LaunchScreen.storyboard in Resources */,
				3F551A081FBC41F800E43AF3 /* Assets.xcassets in Resources */,
				3F551A061FBC41F800E43AF3 /* Main.storyboard in Resources */,
				3FA248C01FBC6912008D0769 /* Media.xcassets in Resources */,
			);
			runOnlyForDeploymentPostprocessing = 0;
		};
		3F551A0F1FBC41F800E43AF3 /* Resources */ = {
			isa = PBXResourcesBuildPhase;
			buildActionMask = 2147483647;
			files = (
			);
			runOnlyForDeploymentPostprocessing = 0;
		};
/* End PBXResourcesBuildPhase section */

/* Begin PBXSourcesBuildPhase section */
		3F5519F91FBC41F800E43AF3 /* Sources */ = {
			isa = PBXSourcesBuildPhase;
			buildActionMask = 2147483647;
			files = (
				3F551A231FBC5BCA00E43AF3 /* DetailsController.swift in Sources */,
				3F551A211FBC43D200E43AF3 /* MyCell.swift in Sources */,
				3FA248B81FBC6401008D0769 /* DetailsProtocol.swift in Sources */,
				3F551A251FBC5ED100E43AF3 /* Wpis.swift in Sources */,
				3F551A031FBC41F800E43AF3 /* ViewController.swift in Sources */,
				3F551A011FBC41F800E43AF3 /* AppDelegate.swift in Sources */,
			);
			runOnlyForDeploymentPostprocessing = 0;
		};
		3F551A0D1FBC41F800E43AF3 /* Sources */ = {
			isa = PBXSourcesBuildPhase;
			buildActionMask = 2147483647;
			files = (
				3F551A161FBC41F800E43AF3 /* PrzypomnieniaTests.swift in Sources */,
			);
			runOnlyForDeploymentPostprocessing = 0;
		};
/* End PBXSourcesBuildPhase section */

/* Begin PBXTargetDependency section */
		3F551A131FBC41F800E43AF3 /* PBXTargetDependency */ = {
			isa = PBXTargetDependency;
			target = 3F5519FC1FBC41F800E43AF3 /* Przypomnienia */;
			targetProxy = 3F551A121FBC41F800E43AF3 /* PBXContainerItemProxy */;
		};
/* End PBXTargetDependency section */

/* Begin PBXVariantGroup section */
		3F551A041FBC41F800E43AF3 /* Main.storyboard */ = {
			isa = PBXVariantGroup;
			children = (
				3F551A051FBC41F800E43AF3 /* Base */,
			);
			name = Main.storyboard;
			sourceTree = "<group>";
		};
		3F551A091FBC41F800E43AF3 /* LaunchScreen.storyboard */ = {
			isa = PBXVariantGroup;
			children = (
				3F551A0A1FBC41F800E43AF3 /* Base */,
			);
			name = LaunchScreen.storyboard;
			sourceTree = "<group>";
		};
/* End PBXVariantGroup section */

/* Begin XCBuildConfiguration section */
		3F551A181FBC41F800E43AF3 /* Debug */ = {
			isa = XCBuildConfiguration;
			buildSettings = {
				ALWAYS_SEARCH_USER_PATHS = NO;
				CLANG_ANALYZER_NONNULL = YES;
				CLANG_ANALYZER_NUMBER_OBJECT_CONVERSION = YES_AGGRESSIVE;
				CLANG_CXX_LANGUAGE_STANDARD = "gnu++14";
				CLANG_CXX_LIBRARY = "libc++";
				CLANG_ENABLE_MODULES = YES;
				CLANG_ENABLE_OBJC_ARC = YES;
				CLANG_WARN_BLOCK_CAPTURE_AUTORELEASING = YES;
				CLANG_WARN_BOOL_CONVERSION = YES;
				CLANG_WARN_COMMA = YES;
				CLANG_WARN_CONSTANT_CONVERSION = YES;
				CLANG_WARN_DIRECT_OBJC_ISA_USAGE = YES_ERROR;
				CLANG_WARN_DOCUMENTATION_COMMENTS = YES;
				CLANG_WARN_EMPTY_BODY = YES;
				CLANG_WARN_ENUM_CONVERSION = YES;
				CLANG_WARN_INFINITE_RECURSION = YES;
				CLANG_WARN_INT_CONVERSION = YES;
				CLANG_WARN_NON_LITERAL_NULL_CONVERSION = YES;
				CLANG_WARN_OBJC_LITERAL_CONVERSION = YES;
				CLANG_WARN_OBJC_ROOT_CLASS = YES_ERROR;
				CLANG_WARN_RANGE_LOOP_ANALYSIS = YES;
				CLANG_WARN_STRICT_PROTOTYPES = YES;
				CLANG_WARN_SUSPICIOUS_MOVE = YES;
				CLANG_WARN_UNGUARDED_AVAILABILITY = YES_AGGRESSIVE;
				CLANG_WARN_UNREACHABLE_CODE = YES;
				CLANG_WARN__DUPLICATE_METHOD_MATCH = YES;
				CODE_SIGN_IDENTITY = "iPhone Developer";
				COPY_PHASE_STRIP = NO;
				DEBUG_INFORMATION_FORMAT = dwarf;
				ENABLE_STRICT_OBJC_MSGSEND = YES;
				ENABLE_TESTABILITY = YES;
				GCC_C_LANGUAGE_STANDARD = gnu11;
				GCC_DYNAMIC_NO_PIC = NO;
				GCC_NO_COMMON_BLOCKS = YES;
				GCC_OPTIMIZATION_LEVEL = 0;
				GCC_PREPROCESSOR_DEFINITIONS = (
					"DEBUG=1",
					"$(inherited)",
				);
				GCC_WARN_64_TO_32_BIT_CONVERSION = YES;
				GCC_WARN_ABOUT_RETURN_TYPE = YES_ERROR;
				GCC_WARN_UNDECLARED_SELECTOR = YES;
				GCC_WARN_UNINITIALIZED_AUTOS = YES_AGGRESSIVE;
				GCC_WARN_UNUSED_FUNCTION = YES;
				GCC_WARN_UNUSED_VARIABLE = YES;
				IPHONEOS_DEPLOYMENT_TARGET = 11.0;
				MTL_ENABLE_DEBUG_INFO = YES;
				ONLY_ACTIVE_ARCH = YES;
				SDKROOT = iphoneos;
				SWIFT_ACTIVE_COMPILATION_CONDITIONS = DEBUG;
				SWIFT_OPTIMIZATION_LEVEL = "-Onone";
			};
			name = Debug;
		};
		3F551A191FBC41F800E43AF3 /* Release */ = {
			isa = XCBuildConfiguration;
			buildSettings = {
				ALWAYS_SEARCH_USER_PATHS = NO;
				CLANG_ANALYZER_NONNULL = YES;
				CLANG_ANALYZER_NUMBER_OBJECT_CONVERSION = YES_AGGRESSIVE;
				CLANG_CXX_LANGUAGE_STANDARD = "gnu++14";
				CLANG_CXX_LIBRARY = "libc++";
				CLANG_ENABLE_MODULES = YES;
				CLANG_ENABLE_OBJC_ARC = YES;
				CLANG_WARN_BLOCK_CAPTURE_AUTORELEASING = YES;
				CLANG_WARN_BOOL_CONVERSION = YES;
				CLANG_WARN_COMMA = YES;
				CLANG_WARN_CONSTANT_CONVERSION = YES;
				CLANG_WARN_DIRECT_OBJC_ISA_USAGE = YES_ERROR;
				CLANG_WARN_DOCUMENTATION_COMMENTS = YES;
				CLANG_WARN_EMPTY_BODY = YES;
				CLANG_WARN_ENUM_CONVERSION = YES;
				CLANG_WARN_INFINITE_RECURSION = YES;
				CLANG_WARN_INT_CONVERSION = YES;
				CLANG_WARN_NON_LITERAL_NULL_CONVERSION = YES;
				CLANG_WARN_OBJC_LITERAL_CONVERSION = YES;
				CLANG_WARN_OBJC_ROOT_CLASS = YES_ERROR;
				CLANG_WARN_RANGE_LOOP_ANALYSIS = YES;
				CLANG_WARN_STRICT_PROTOTYPES = YES;
				CLANG_WARN_SUSPICIOUS_MOVE = YES;
				CLANG_WARN_UNGUARDED_AVAILABILITY = YES_AGGRESSIVE;
				CLANG_WARN_UNREACHABLE_CODE = YES;
				CLANG_WARN__DUPLICATE_METHOD_MATCH = YES;
				CODE_SIGN_IDENTITY = "iPhone Developer";
				COPY_PHASE_STRIP = NO;
				DEBUG_INFORMATION_FORMAT = "dwarf-with-dsym";
				ENABLE_NS_ASSERTIONS = NO;
				ENABLE_STRICT_OBJC_MSGSEND = YES;
				GCC_C_LANGUAGE_STANDARD = gnu11;
				GCC_NO_COMMON_BLOCKS = YES;
				GCC_WARN_64_TO_32_BIT_CONVERSION = YES;
				GCC_WARN_ABOUT_RETURN_TYPE = YES_ERROR;
				GCC_WARN_UNDECLARED_SELECTOR = YES;
				GCC_WARN_UNINITIALIZED_AUTOS = YES_AGGRESSIVE;
				GCC_WARN_UNUSED_FUNCTION = YES;
				GCC_WARN_UNUSED_VARIABLE = YES;
				IPHONEOS_DEPLOYMENT_TARGET = 11.0;
				MTL_ENABLE_DEBUG_INFO = NO;
				SDKROOT = iphoneos;
				SWIFT_OPTIMIZATION_LEVEL = "-Owholemodule";
				VALIDATE_PRODUCT = YES;
			};
			name = Release;
		};
		3F551A1B1FBC41F800E43AF3 /* Debug */ = {
			isa = XCBuildConfiguration;
			buildSettings = {
				ASSETCATALOG_COMPILER_APPICON_NAME = AppIcon;
				CODE_SIGN_STYLE = Automatic;
				INFOPLIST_FILE = Przypomnienia/Info.plist;
				LD_RUNPATH_SEARCH_PATHS = "$(inherited) @executable_path/Frameworks";
				PRODUCT_BUNDLE_IDENTIFIER = ddd.Przypomnienia;
				PRODUCT_NAME = "$(TARGET_NAME)";
				SWIFT_VERSION = 4.0;
				TARGETED_DEVICE_FAMILY = "1,2";
			};
			name = Debug;
		};
		3F551A1C1FBC41F800E43AF3 /* Release */ = {
			isa = XCBuildConfiguration;
			buildSettings = {
				ASSETCATALOG_COMPILER_APPICON_NAME = AppIcon;
				CODE_SIGN_STYLE = Automatic;
				INFOPLIST_FILE = Przypomnienia/Info.plist;
				LD_RUNPATH_SEARCH_PATHS = "$(inherited) @executable_path/Frameworks";
				PRODUCT_BUNDLE_IDENTIFIER = ddd.Przypomnienia;
				PRODUCT_NAME = "$(TARGET_NAME)";
				SWIFT_VERSION = 4.0;
				TARGETED_DEVICE_FAMILY = "1,2";
			};
			name = Release;
		};
		3F551A1E1FBC41F800E43AF3 /* Debug */ = {
			isa = XCBuildConfiguration;
			buildSettings = {
				ALWAYS_EMBED_SWIFT_STANDARD_LIBRARIES = YES;
				BUNDLE_LOADER = "$(TEST_HOST)";
				CODE_SIGN_STYLE = Automatic;
				INFOPLIST_FILE = PrzypomnieniaTests/Info.plist;
				LD_RUNPATH_SEARCH_PATHS = "$(inherited) @executable_path/Frameworks @loader_path/Frameworks";
				PRODUCT_BUNDLE_IDENTIFIER = ddd.PrzypomnieniaTests;
				PRODUCT_NAME = "$(TARGET_NAME)";
				SWIFT_VERSION = 4.0;
				TARGETED_DEVICE_FAMILY = "1,2";
				TEST_HOST = "$(BUILT_PRODUCTS_DIR)/Przypomnienia.app/Przypomnienia";
			};
			name = Debug;
		};
		3F551A1F1FBC41F800E43AF3 /* Release */ = {
			isa = XCBuildConfiguration;
			buildSettings = {
				ALWAYS_EMBED_SWIFT_STANDARD_LIBRARIES = YES;
				BUNDLE_LOADER = "$(TEST_HOST)";
				CODE_SIGN_STYLE = Automatic;
				INFOPLIST_FILE = PrzypomnieniaTests/Info.plist;
				LD_RUNPATH_SEARCH_PATHS = "$(inherited) @executable_path/Frameworks @loader_path/Frameworks";
				PRODUCT_BUNDLE_IDENTIFIER = ddd.PrzypomnieniaTests;
				PRODUCT_NAME = "$(TARGET_NAME)";
				SWIFT_VERSION = 4.0;
				TARGETED_DEVICE_FAMILY = "1,2";
				TEST_HOST = "$(BUILT_PRODUCTS_DIR)/Przypomnienia.app/Przypomnienia";
			};
			name = Release;
		};
/* End XCBuildConfiguration section */

/* Begin XCConfigurationList section */
		3F5519F81FBC41F800E43AF3 /* Build configuration list for PBXProject "Przypomnienia" */ = {
			isa = XCConfigurationList;
			buildConfigurations = (
				3F551A181FBC41F800E43AF3 /* Debug */,
				3F551A191FBC41F800E43AF3 /* Release */,
			);
			defaultConfigurationIsVisible = 0;
			defaultConfigurationName = Release;
		};
		3F551A1A1FBC41F800E43AF3 /* Build configuration list for PBXNativeTarget "Przypomnienia" */ = {
			isa = XCConfigurationList;
			buildConfigurations = (
				3F551A1B1FBC41F800E43AF3 /* Debug */,
				3F551A1C1FBC41F800E43AF3 /* Release */,
			);
			defaultConfigurationIsVisible = 0;
			defaultConfigurationName = Release;
		};
		3F551A1D1FBC41F800E43AF3 /* Build configuration list for PBXNativeTarget "PrzypomnieniaTests" */ = {
			isa = XCConfigurationList;
			buildConfigurations = (
				3F551A1E1FBC41F800E43AF3 /* Debug */,
				3F551A1F1FBC41F800E43AF3 /* Release */,
			);
			defaultConfigurationIsVisible = 0;
			defaultConfigurationName = Release;
		};
/* End XCConfigurationList section */
	};
	rootObject = 3F5519F51FBC41F800E43AF3 /* Project object */;
}
